// !$*UTF8*$!
{
	archiveVersion = 1;
	classes = {
	};
	objectVersion = 56;
	objects = {

/* Begin PBXBuildFile section */
		5DC31BF02C623FE800261B08 /* AppIconView.swift in Sources */ = {isa = PBXBuildFile; fileRef = 5DC31BEF2C623FE800261B08 /* AppIconView.swift */; };
		5DC31BF42C62403000261B08 /* PlistHelper.swift in Sources */ = {isa = PBXBuildFile; fileRef = 5DC31BF32C62403000261B08 /* PlistHelper.swift */; };
		5DC31BF72C6240C400261B08 /* ZSignApple in Frameworks */ = {isa = PBXBuildFile; productRef = 5DC31BF62C6240C400261B08 /* ZSignApple */; };
		5DC31BFA2C6240CD00261B08 /* ZIPFoundation in Frameworks */ = {isa = PBXBuildFile; productRef = 5DC31BF92C6240CD00261B08 /* ZIPFoundation */; };
		7957BC302C658C4B00FCAF4B /* Hoster.swift in Sources */ = {isa = PBXBuildFile; fileRef = 7957BC2F2C658C4700FCAF4B /* Hoster.swift */; };
		7957BC322C658C8B00FCAF4B /* PlistMaker.swift in Sources */ = {isa = PBXBuildFile; fileRef = 7957BC312C658C8900FCAF4B /* PlistMaker.swift */; };
		7957BC372C65952E00FCAF4B /* Swifter in Frameworks */ = {isa = PBXBuildFile; productRef = 7957BC362C65952E00FCAF4B /* Swifter */; };
		FE0562A72C6035B2008201BA /* QuickSignApp.swift in Sources */ = {isa = PBXBuildFile; fileRef = FE0562A62C6035B2008201BA /* QuickSignApp.swift */; };
		FE0562A92C6035B2008201BA /* ContentView.swift in Sources */ = {isa = PBXBuildFile; fileRef = FE0562A82C6035B2008201BA /* ContentView.swift */; };
		FE0562AB2C6035B5008201BA /* Assets.xcassets in Resources */ = {isa = PBXBuildFile; fileRef = FE0562AA2C6035B5008201BA /* Assets.xcassets */; };
		FE0562AE2C6035B5008201BA /* Preview Assets.xcassets in Resources */ = {isa = PBXBuildFile; fileRef = FE0562AD2C6035B5008201BA /* Preview Assets.xcassets */; };
		FE0562B82C6035B6008201BA /* QuickSignTests.swift in Sources */ = {isa = PBXBuildFile; fileRef = FE0562B72C6035B6008201BA /* QuickSignTests.swift */; };
		FE0562C22C6035B6008201BA /* QuickSignUITests.swift in Sources */ = {isa = PBXBuildFile; fileRef = FE0562C12C6035B6008201BA /* QuickSignUITests.swift */; };
		FE0562C42C6035B6008201BA /* QuickSignUITestsLaunchTests.swift in Sources */ = {isa = PBXBuildFile; fileRef = FE0562C32C6035B6008201BA /* QuickSignUITestsLaunchTests.swift */; };
		FE48ED5D2C611DCE00B35B1C /* ZSignApple in Frameworks */ = {isa = PBXBuildFile; productRef = FE48ED5C2C611DCE00B35B1C /* ZSignApple */; };
		FE48ED5F2C611E3D00B35B1C /* ApplicationView.swift in Sources */ = {isa = PBXBuildFile; fileRef = FE48ED5E2C611E3D00B35B1C /* ApplicationView.swift */; };
		FE48ED612C6123B400B35B1C /* SettingsView.swift in Sources */ = {isa = PBXBuildFile; fileRef = FE48ED602C6123B400B35B1C /* SettingsView.swift */; };
		FE590FB02C65751F0049E836 /* CertificatesView.swift in Sources */ = {isa = PBXBuildFile; fileRef = FE590FAF2C65751F0049E836 /* CertificatesView.swift */; };
		FEA233E42C612A2F006727B1 /* Signer.swift in Sources */ = {isa = PBXBuildFile; fileRef = FEA233E32C612A2F006727B1 /* Signer.swift */; };
		FEBBC3C22C6187A60087AE12 /* DocumentPicker.swift in Sources */ = {isa = PBXBuildFile; fileRef = FEBBC3C12C6187A60087AE12 /* DocumentPicker.swift */; };
		FEBBC3C62C618B850087AE12 /* UIAlert++.swift in Sources */ = {isa = PBXBuildFile; fileRef = FEBBC3C52C618B850087AE12 /* UIAlert++.swift */; };
		FEF6863B2C61A95400D6B2C4 /* ZSignApple in Frameworks */ = {isa = PBXBuildFile; productRef = FEF6863A2C61A95400D6B2C4 /* ZSignApple */; };
/* End PBXBuildFile section */

/* Begin PBXContainerItemProxy section */
		FE0562B42C6035B6008201BA /* PBXContainerItemProxy */ = {
			isa = PBXContainerItemProxy;
			containerPortal = FE05629B2C6035B2008201BA /* Project object */;
			proxyType = 1;
			remoteGlobalIDString = FE0562A22C6035B2008201BA;
			remoteInfo = QuickSign;
		};
		FE0562BE2C6035B6008201BA /* PBXContainerItemProxy */ = {
			isa = PBXContainerItemProxy;
			containerPortal = FE05629B2C6035B2008201BA /* Project object */;
			proxyType = 1;
			remoteGlobalIDString = FE0562A22C6035B2008201BA;
			remoteInfo = QuickSign;
		};
/* End PBXContainerItemProxy section */

/* Begin PBXFileReference section */
		5DC31BEF2C623FE800261B08 /* AppIconView.swift */ = {isa = PBXFileReference; lastKnownFileType = sourcecode.swift; path = AppIconView.swift; sourceTree = "<group>"; };
		5DC31BF32C62403000261B08 /* PlistHelper.swift */ = {isa = PBXFileReference; lastKnownFileType = sourcecode.swift; name = PlistHelper.swift; path = QuickSign/Views/PlistHelper.swift; sourceTree = SOURCE_ROOT; };
		7957BC2F2C658C4700FCAF4B /* Hoster.swift */ = {isa = PBXFileReference; lastKnownFileType = sourcecode.swift; path = Hoster.swift; sourceTree = "<group>"; };
		7957BC312C658C8900FCAF4B /* PlistMaker.swift */ = {isa = PBXFileReference; lastKnownFileType = sourcecode.swift; path = PlistMaker.swift; sourceTree = "<group>"; };
		FE0562A32C6035B2008201BA /* QuickSign.app */ = {isa = PBXFileReference; explicitFileType = wrapper.application; includeInIndex = 0; path = QuickSign.app; sourceTree = BUILT_PRODUCTS_DIR; };
		FE0562A62C6035B2008201BA /* QuickSignApp.swift */ = {isa = PBXFileReference; lastKnownFileType = sourcecode.swift; path = QuickSignApp.swift; sourceTree = "<group>"; };
		FE0562A82C6035B2008201BA /* ContentView.swift */ = {isa = PBXFileReference; lastKnownFileType = sourcecode.swift; path = ContentView.swift; sourceTree = "<group>"; };
		FE0562AA2C6035B5008201BA /* Assets.xcassets */ = {isa = PBXFileReference; lastKnownFileType = folder.assetcatalog; path = Assets.xcassets; sourceTree = "<group>"; };
		FE0562AD2C6035B5008201BA /* Preview Assets.xcassets */ = {isa = PBXFileReference; lastKnownFileType = folder.assetcatalog; path = "Preview Assets.xcassets"; sourceTree = "<group>"; };
		FE0562B32C6035B6008201BA /* QuickSignTests.xctest */ = {isa = PBXFileReference; explicitFileType = wrapper.cfbundle; includeInIndex = 0; path = QuickSignTests.xctest; sourceTree = BUILT_PRODUCTS_DIR; };
		FE0562B72C6035B6008201BA /* QuickSignTests.swift */ = {isa = PBXFileReference; lastKnownFileType = sourcecode.swift; path = QuickSignTests.swift; sourceTree = "<group>"; };
		FE0562BD2C6035B6008201BA /* QuickSignUITests.xctest */ = {isa = PBXFileReference; explicitFileType = wrapper.cfbundle; includeInIndex = 0; path = QuickSignUITests.xctest; sourceTree = BUILT_PRODUCTS_DIR; };
		FE0562C12C6035B6008201BA /* QuickSignUITests.swift */ = {isa = PBXFileReference; lastKnownFileType = sourcecode.swift; path = QuickSignUITests.swift; sourceTree = "<group>"; };
		FE0562C32C6035B6008201BA /* QuickSignUITestsLaunchTests.swift */ = {isa = PBXFileReference; lastKnownFileType = sourcecode.swift; path = QuickSignUITestsLaunchTests.swift; sourceTree = "<group>"; };
		FE48ED5E2C611E3D00B35B1C /* ApplicationView.swift */ = {isa = PBXFileReference; lastKnownFileType = sourcecode.swift; path = ApplicationView.swift; sourceTree = "<group>"; };
		FE48ED602C6123B400B35B1C /* SettingsView.swift */ = {isa = PBXFileReference; lastKnownFileType = sourcecode.swift; path = SettingsView.swift; sourceTree = "<group>"; };
		FE590FAF2C65751F0049E836 /* CertificatesView.swift */ = {isa = PBXFileReference; lastKnownFileType = sourcecode.swift; path = CertificatesView.swift; sourceTree = "<group>"; };
		FEA233E32C612A2F006727B1 /* Signer.swift */ = {isa = PBXFileReference; lastKnownFileType = sourcecode.swift; path = Signer.swift; sourceTree = "<group>"; };
		FEBBC3C12C6187A60087AE12 /* DocumentPicker.swift */ = {isa = PBXFileReference; lastKnownFileType = sourcecode.swift; path = DocumentPicker.swift; sourceTree = "<group>"; };
		FEBBC3C52C618B850087AE12 /* UIAlert++.swift */ = {isa = PBXFileReference; lastKnownFileType = sourcecode.swift; path = "UIAlert++.swift"; sourceTree = "<group>"; };
/* End PBXFileReference section */

/* Begin PBXFrameworksBuildPhase section */
		FE0562A02C6035B2008201BA /* Frameworks */ = {
			isa = PBXFrameworksBuildPhase;
			buildActionMask = 2147483647;
			files = (
				FE48ED5D2C611DCE00B35B1C /* ZSignApple in Frameworks */,
				FEF6863B2C61A95400D6B2C4 /* ZSignApple in Frameworks */,
				5DC31BF72C6240C400261B08 /* ZSignApple in Frameworks */,
				7957BC372C65952E00FCAF4B /* Swifter in Frameworks */,
				5DC31BFA2C6240CD00261B08 /* ZIPFoundation in Frameworks */,
			);
			runOnlyForDeploymentPostprocessing = 0;
		};
		FE0562B02C6035B6008201BA /* Frameworks */ = {
			isa = PBXFrameworksBuildPhase;
			buildActionMask = 2147483647;
			files = (
			);
			runOnlyForDeploymentPostprocessing = 0;
		};
		FE0562BA2C6035B6008201BA /* Frameworks */ = {
			isa = PBXFrameworksBuildPhase;
			buildActionMask = 2147483647;
			files = (
			);
			runOnlyForDeploymentPostprocessing = 0;
		};
/* End PBXFrameworksBuildPhase section */

/* Begin PBXGroup section */
		7957BC2E2C658C4100FCAF4B /* Server */ = {
			isa = PBXGroup;
			children = (
				7957BC2F2C658C4700FCAF4B /* Hoster.swift */,
				7957BC312C658C8900FCAF4B /* PlistMaker.swift */,
			);
			path = Server;
			sourceTree = "<group>";
		};
		FE05629A2C6035B2008201BA = {
			isa = PBXGroup;
			children = (
				FE0562A52C6035B2008201BA /* QuickSign */,
				FE0562B62C6035B6008201BA /* QuickSignTests */,
				FE0562C02C6035B6008201BA /* QuickSignUITests */,
				FE0562A42C6035B2008201BA /* Products */,
			);
			sourceTree = "<group>";
		};
		FE0562A42C6035B2008201BA /* Products */ = {
			isa = PBXGroup;
			children = (
				FE0562A32C6035B2008201BA /* QuickSign.app */,
				FE0562B32C6035B6008201BA /* QuickSignTests.xctest */,
				FE0562BD2C6035B6008201BA /* QuickSignUITests.xctest */,
			);
			name = Products;
			sourceTree = "<group>";
		};
		FE0562A52C6035B2008201BA /* QuickSign */ = {
			isa = PBXGroup;
			children = (
				FEBBC3C32C618B6D0087AE12 /* Extensions */,
				FEA233E22C612A00006727B1 /* Classes */,
				FEA233E12C6129ED006727B1 /* Views */,
				FE0562A62C6035B2008201BA /* QuickSignApp.swift */,
				FE0562AA2C6035B5008201BA /* Assets.xcassets */,
				FE0562AC2C6035B5008201BA /* Preview Content */,
			);
			path = QuickSign;
			sourceTree = "<group>";
		};
		FE0562AC2C6035B5008201BA /* Preview Content */ = {
			isa = PBXGroup;
			children = (
				FE0562AD2C6035B5008201BA /* Preview Assets.xcassets */,
			);
			path = "Preview Content";
			sourceTree = "<group>";
		};
		FE0562B62C6035B6008201BA /* QuickSignTests */ = {
			isa = PBXGroup;
			children = (
				FE0562B72C6035B6008201BA /* QuickSignTests.swift */,
			);
			path = QuickSignTests;
			sourceTree = "<group>";
		};
		FE0562C02C6035B6008201BA /* QuickSignUITests */ = {
			isa = PBXGroup;
			children = (
				FE0562C12C6035B6008201BA /* QuickSignUITests.swift */,
				FE0562C32C6035B6008201BA /* QuickSignUITestsLaunchTests.swift */,
			);
			path = QuickSignUITests;
			sourceTree = "<group>";
		};
		FEA233E12C6129ED006727B1 /* Views */ = {
			isa = PBXGroup;
			children = (
				FE0562A82C6035B2008201BA /* ContentView.swift */,
				FE48ED5E2C611E3D00B35B1C /* ApplicationView.swift */,
				FE590FAF2C65751F0049E836 /* CertificatesView.swift */,
				FE48ED602C6123B400B35B1C /* SettingsView.swift */,
				5DC31BEF2C623FE800261B08 /* AppIconView.swift */,
			);
			path = Views;
			sourceTree = "<group>";
		};
		FEA233E22C612A00006727B1 /* Classes */ = {
			isa = PBXGroup;
			children = (
				7957BC2E2C658C4100FCAF4B /* Server */,
				FEA233E32C612A2F006727B1 /* Signer.swift */,
				FEBBC3C12C6187A60087AE12 /* DocumentPicker.swift */,
				5DC31BF32C62403000261B08 /* PlistHelper.swift */,
			);
			path = Classes;
			sourceTree = "<group>";
		};
		FEBBC3C32C618B6D0087AE12 /* Extensions */ = {
			isa = PBXGroup;
			children = (
				FEBBC3C52C618B850087AE12 /* UIAlert++.swift */,
			);
			path = Extensions;
			sourceTree = "<group>";
		};
/* End PBXGroup section */

/* Begin PBXNativeTarget section */
		FE0562A22C6035B2008201BA /* QuickSign */ = {
			isa = PBXNativeTarget;
			buildConfigurationList = FE0562C72C6035B6008201BA /* Build configuration list for PBXNativeTarget "QuickSign" */;
			buildPhases = (
				FE05629F2C6035B2008201BA /* Sources */,
				FE0562A02C6035B2008201BA /* Frameworks */,
				FE0562A12C6035B2008201BA /* Resources */,
			);
			buildRules = (
			);
			dependencies = (
			);
			name = QuickSign;
			packageProductDependencies = (
				FE48ED5C2C611DCE00B35B1C /* ZSignApple */,
				FEF6863A2C61A95400D6B2C4 /* ZSignApple */,
				5DC31BF62C6240C400261B08 /* ZSignApple */,
				5DC31BF92C6240CD00261B08 /* ZIPFoundation */,
				7957BC362C65952E00FCAF4B /* Swifter */,
			);
			productName = QuickSign;
			productReference = FE0562A32C6035B2008201BA /* QuickSign.app */;
			productType = "com.apple.product-type.application";
		};
		FE0562B22C6035B6008201BA /* QuickSignTests */ = {
			isa = PBXNativeTarget;
			buildConfigurationList = FE0562CA2C6035B6008201BA /* Build configuration list for PBXNativeTarget "QuickSignTests" */;
			buildPhases = (
				FE0562AF2C6035B6008201BA /* Sources */,
				FE0562B02C6035B6008201BA /* Frameworks */,
				FE0562B12C6035B6008201BA /* Resources */,
			);
			buildRules = (
			);
			dependencies = (
				FE0562B52C6035B6008201BA /* PBXTargetDependency */,
			);
			name = QuickSignTests;
			productName = QuickSignTests;
			productReference = FE0562B32C6035B6008201BA /* QuickSignTests.xctest */;
			productType = "com.apple.product-type.bundle.unit-test";
		};
		FE0562BC2C6035B6008201BA /* QuickSignUITests */ = {
			isa = PBXNativeTarget;
			buildConfigurationList = FE0562CD2C6035B6008201BA /* Build configuration list for PBXNativeTarget "QuickSignUITests" */;
			buildPhases = (
				FE0562B92C6035B6008201BA /* Sources */,
				FE0562BA2C6035B6008201BA /* Frameworks */,
				FE0562BB2C6035B6008201BA /* Resources */,
			);
			buildRules = (
			);
			dependencies = (
				FE0562BF2C6035B6008201BA /* PBXTargetDependency */,
			);
			name = QuickSignUITests;
			productName = QuickSignUITests;
			productReference = FE0562BD2C6035B6008201BA /* QuickSignUITests.xctest */;
			productType = "com.apple.product-type.bundle.ui-testing";
		};
/* End PBXNativeTarget section */

/* Begin PBXProject section */
		FE05629B2C6035B2008201BA /* Project object */ = {
			isa = PBXProject;
			attributes = {
				BuildIndependentTargetsInParallel = 1;
				LastSwiftUpdateCheck = 1540;
				LastUpgradeCheck = 1600;
				TargetAttributes = {
					FE0562A22C6035B2008201BA = {
						CreatedOnToolsVersion = 15.4;
					};
					FE0562B22C6035B6008201BA = {
						CreatedOnToolsVersion = 15.4;
						TestTargetID = FE0562A22C6035B2008201BA;
					};
					FE0562BC2C6035B6008201BA = {
						CreatedOnToolsVersion = 15.4;
						TestTargetID = FE0562A22C6035B2008201BA;
					};
				};
			};
			buildConfigurationList = FE05629E2C6035B2008201BA /* Build configuration list for PBXProject "QuickSign" */;
			compatibilityVersion = "Xcode 14.0";
			developmentRegion = en;
			hasScannedForEncodings = 0;
			knownRegions = (
				en,
				Base,
			);
			mainGroup = FE05629A2C6035B2008201BA;
			packageReferences = (
				5DC31BF52C6240C400261B08 /* XCRemoteSwiftPackageReference "zsign-ios" */,
				5DC31BF82C6240CD00261B08 /* XCRemoteSwiftPackageReference "ZIPFoundation" */,
				7957BC352C65952E00FCAF4B /* XCRemoteSwiftPackageReference "swifter" */,
			);
			productRefGroup = FE0562A42C6035B2008201BA /* Products */;
			projectDirPath = "";
			projectRoot = "";
			targets = (
				FE0562A22C6035B2008201BA /* QuickSign */,
				FE0562B22C6035B6008201BA /* QuickSignTests */,
				FE0562BC2C6035B6008201BA /* QuickSignUITests */,
			);
		};
/* End PBXProject section */

/* Begin PBXResourcesBuildPhase section */
		FE0562A12C6035B2008201BA /* Resources */ = {
			isa = PBXResourcesBuildPhase;
			buildActionMask = 2147483647;
			files = (
				FE0562AE2C6035B5008201BA /* Preview Assets.xcassets in Resources */,
				FE0562AB2C6035B5008201BA /* Assets.xcassets in Resources */,
			);
			runOnlyForDeploymentPostprocessing = 0;
		};
		FE0562B12C6035B6008201BA /* Resources */ = {
			isa = PBXResourcesBuildPhase;
			buildActionMask = 2147483647;
			files = (
			);
			runOnlyForDeploymentPostprocessing = 0;
		};
		FE0562BB2C6035B6008201BA /* Resources */ = {
			isa = PBXResourcesBuildPhase;
			buildActionMask = 2147483647;
			files = (
			);
			runOnlyForDeploymentPostprocessing = 0;
		};
/* End PBXResourcesBuildPhase section */

/* Begin PBXSourcesBuildPhase section */
		FE05629F2C6035B2008201BA /* Sources */ = {
			isa = PBXSourcesBuildPhase;
			buildActionMask = 2147483647;
			files = (
				FEA233E42C612A2F006727B1 /* Signer.swift in Sources */,
				5DC31BF42C62403000261B08 /* PlistHelper.swift in Sources */,
				7957BC302C658C4B00FCAF4B /* Hoster.swift in Sources */,
				5DC31BF02C623FE800261B08 /* AppIconView.swift in Sources */,
				FE0562A92C6035B2008201BA /* ContentView.swift in Sources */,
				FE48ED612C6123B400B35B1C /* SettingsView.swift in Sources */,
				FE0562A72C6035B2008201BA /* QuickSignApp.swift in Sources */,
				FEBBC3C22C6187A60087AE12 /* DocumentPicker.swift in Sources */,
				FEBBC3C62C618B850087AE12 /* UIAlert++.swift in Sources */,
				FE590FB02C65751F0049E836 /* CertificatesView.swift in Sources */,
				FE48ED5F2C611E3D00B35B1C /* ApplicationView.swift in Sources */,
				7957BC322C658C8B00FCAF4B /* PlistMaker.swift in Sources */,
			);
			runOnlyForDeploymentPostprocessing = 0;
		};
		FE0562AF2C6035B6008201BA /* Sources */ = {
			isa = PBXSourcesBuildPhase;
			buildActionMask = 2147483647;
			files = (
				FE0562B82C6035B6008201BA /* QuickSignTests.swift in Sources */,
			);
			runOnlyForDeploymentPostprocessing = 0;
		};
		FE0562B92C6035B6008201BA /* Sources */ = {
			isa = PBXSourcesBuildPhase;
			buildActionMask = 2147483647;
			files = (
				FE0562C22C6035B6008201BA /* QuickSignUITests.swift in Sources */,
				FE0562C42C6035B6008201BA /* QuickSignUITestsLaunchTests.swift in Sources */,
			);
			runOnlyForDeploymentPostprocessing = 0;
		};
/* End PBXSourcesBuildPhase section */

/* Begin PBXTargetDependency section */
		FE0562B52C6035B6008201BA /* PBXTargetDependency */ = {
			isa = PBXTargetDependency;
			target = FE0562A22C6035B2008201BA /* QuickSign */;
			targetProxy = FE0562B42C6035B6008201BA /* PBXContainerItemProxy */;
		};
		FE0562BF2C6035B6008201BA /* PBXTargetDependency */ = {
			isa = PBXTargetDependency;
			target = FE0562A22C6035B2008201BA /* QuickSign */;
			targetProxy = FE0562BE2C6035B6008201BA /* PBXContainerItemProxy */;
		};
/* End PBXTargetDependency section */

/* Begin XCBuildConfiguration section */
		FE0562C52C6035B6008201BA /* Debug */ = {
			isa = XCBuildConfiguration;
			buildSettings = {
				ALWAYS_SEARCH_USER_PATHS = NO;
				ASSETCATALOG_COMPILER_GENERATE_SWIFT_ASSET_SYMBOL_EXTENSIONS = YES;
				ASSETCATALOG_COMPILER_INCLUDE_ALL_APPICON_ASSETS = YES;
				CLANG_ANALYZER_NONNULL = YES;
				CLANG_ANALYZER_NUMBER_OBJECT_CONVERSION = YES_AGGRESSIVE;
				CLANG_CXX_LANGUAGE_STANDARD = "gnu++20";
				CLANG_ENABLE_MODULES = YES;
				CLANG_ENABLE_OBJC_ARC = YES;
				CLANG_ENABLE_OBJC_WEAK = YES;
				CLANG_WARN_BLOCK_CAPTURE_AUTORELEASING = YES;
				CLANG_WARN_BOOL_CONVERSION = YES;
				CLANG_WARN_COMMA = YES;
				CLANG_WARN_CONSTANT_CONVERSION = YES;
				CLANG_WARN_DEPRECATED_OBJC_IMPLEMENTATIONS = YES;
				CLANG_WARN_DIRECT_OBJC_ISA_USAGE = YES_ERROR;
				CLANG_WARN_DOCUMENTATION_COMMENTS = YES;
				CLANG_WARN_EMPTY_BODY = YES;
				CLANG_WARN_ENUM_CONVERSION = YES;
				CLANG_WARN_INFINITE_RECURSION = YES;
				CLANG_WARN_INT_CONVERSION = YES;
				CLANG_WARN_NON_LITERAL_NULL_CONVERSION = YES;
				CLANG_WARN_OBJC_IMPLICIT_RETAIN_SELF = YES;
				CLANG_WARN_OBJC_LITERAL_CONVERSION = YES;
				CLANG_WARN_OBJC_ROOT_CLASS = YES_ERROR;
				CLANG_WARN_QUOTED_INCLUDE_IN_FRAMEWORK_HEADER = YES;
				CLANG_WARN_RANGE_LOOP_ANALYSIS = YES;
				CLANG_WARN_STRICT_PROTOTYPES = YES;
				CLANG_WARN_SUSPICIOUS_MOVE = YES;
				CLANG_WARN_UNGUARDED_AVAILABILITY = YES_AGGRESSIVE;
				CLANG_WARN_UNREACHABLE_CODE = YES;
				CLANG_WARN__DUPLICATE_METHOD_MATCH = YES;
				CODE_SIGN_IDENTITY = "Apple Development";
				COPY_PHASE_STRIP = NO;
				DEBUG_INFORMATION_FORMAT = dwarf;
				ENABLE_STRICT_OBJC_MSGSEND = YES;
				ENABLE_TESTABILITY = YES;
				ENABLE_USER_SCRIPT_SANDBOXING = YES;
				GCC_C_LANGUAGE_STANDARD = gnu17;
				GCC_DYNAMIC_NO_PIC = NO;
				GCC_NO_COMMON_BLOCKS = YES;
				GCC_OPTIMIZATION_LEVEL = 0;
				GCC_PREPROCESSOR_DEFINITIONS = (
					"DEBUG=1",
					"$(inherited)",
				);
				GCC_WARN_64_TO_32_BIT_CONVERSION = YES;
				GCC_WARN_ABOUT_RETURN_TYPE = YES_ERROR;
				GCC_WARN_UNDECLARED_SELECTOR = YES;
				GCC_WARN_UNINITIALIZED_AUTOS = YES_AGGRESSIVE;
				GCC_WARN_UNUSED_FUNCTION = YES;
				GCC_WARN_UNUSED_VARIABLE = YES;
				IPHONEOS_DEPLOYMENT_TARGET = 17.5;
				LOCALIZATION_PREFERS_STRING_CATALOGS = YES;
				MTL_ENABLE_DEBUG_INFO = INCLUDE_SOURCE;
				MTL_FAST_MATH = YES;
				ONLY_ACTIVE_ARCH = YES;
				SDKROOT = iphoneos;
				SWIFT_ACTIVE_COMPILATION_CONDITIONS = "DEBUG $(inherited)";
				SWIFT_OPTIMIZATION_LEVEL = "-Onone";
			};
			name = Debug;
		};
		FE0562C62C6035B6008201BA /* Release */ = {
			isa = XCBuildConfiguration;
			buildSettings = {
				ALWAYS_SEARCH_USER_PATHS = NO;
				ASSETCATALOG_COMPILER_GENERATE_SWIFT_ASSET_SYMBOL_EXTENSIONS = YES;
				ASSETCATALOG_COMPILER_INCLUDE_ALL_APPICON_ASSETS = YES;
				CLANG_ANALYZER_NONNULL = YES;
				CLANG_ANALYZER_NUMBER_OBJECT_CONVERSION = YES_AGGRESSIVE;
				CLANG_CXX_LANGUAGE_STANDARD = "gnu++20";
				CLANG_ENABLE_MODULES = YES;
				CLANG_ENABLE_OBJC_ARC = YES;
				CLANG_ENABLE_OBJC_WEAK = YES;
				CLANG_WARN_BLOCK_CAPTURE_AUTORELEASING = YES;
				CLANG_WARN_BOOL_CONVERSION = YES;
				CLANG_WARN_COMMA = YES;
				CLANG_WARN_CONSTANT_CONVERSION = YES;
				CLANG_WARN_DEPRECATED_OBJC_IMPLEMENTATIONS = YES;
				CLANG_WARN_DIRECT_OBJC_ISA_USAGE = YES_ERROR;
				CLANG_WARN_DOCUMENTATION_COMMENTS = YES;
				CLANG_WARN_EMPTY_BODY = YES;
				CLANG_WARN_ENUM_CONVERSION = YES;
				CLANG_WARN_INFINITE_RECURSION = YES;
				CLANG_WARN_INT_CONVERSION = YES;
				CLANG_WARN_NON_LITERAL_NULL_CONVERSION = YES;
				CLANG_WARN_OBJC_IMPLICIT_RETAIN_SELF = YES;
				CLANG_WARN_OBJC_LITERAL_CONVERSION = YES;
				CLANG_WARN_OBJC_ROOT_CLASS = YES_ERROR;
				CLANG_WARN_QUOTED_INCLUDE_IN_FRAMEWORK_HEADER = YES;
				CLANG_WARN_RANGE_LOOP_ANALYSIS = YES;
				CLANG_WARN_STRICT_PROTOTYPES = YES;
				CLANG_WARN_SUSPICIOUS_MOVE = YES;
				CLANG_WARN_UNGUARDED_AVAILABILITY = YES_AGGRESSIVE;
				CLANG_WARN_UNREACHABLE_CODE = YES;
				CLANG_WARN__DUPLICATE_METHOD_MATCH = YES;
				CODE_SIGN_IDENTITY = "Apple Development";
				COPY_PHASE_STRIP = NO;
				DEBUG_INFORMATION_FORMAT = "dwarf-with-dsym";
				ENABLE_NS_ASSERTIONS = NO;
				ENABLE_STRICT_OBJC_MSGSEND = YES;
				ENABLE_USER_SCRIPT_SANDBOXING = YES;
				GCC_C_LANGUAGE_STANDARD = gnu17;
				GCC_NO_COMMON_BLOCKS = YES;
				GCC_WARN_64_TO_32_BIT_CONVERSION = YES;
				GCC_WARN_ABOUT_RETURN_TYPE = YES_ERROR;
				GCC_WARN_UNDECLARED_SELECTOR = YES;
				GCC_WARN_UNINITIALIZED_AUTOS = YES_AGGRESSIVE;
				GCC_WARN_UNUSED_FUNCTION = YES;
				GCC_WARN_UNUSED_VARIABLE = YES;
				IPHONEOS_DEPLOYMENT_TARGET = 17.5;
				LOCALIZATION_PREFERS_STRING_CATALOGS = YES;
				MTL_ENABLE_DEBUG_INFO = NO;
				MTL_FAST_MATH = YES;
				SDKROOT = iphoneos;
				SWIFT_COMPILATION_MODE = wholemodule;
				VALIDATE_PRODUCT = YES;
			};
			name = Release;
		};
		FE0562C82C6035B6008201BA /* Debug */ = {
			isa = XCBuildConfiguration;
			buildSettings = {
				ASSETCATALOG_COMPILER_APPICON_NAME = AppIcon;
				ASSETCATALOG_COMPILER_GLOBAL_ACCENT_COLOR_NAME = AccentColor;
				ASSETCATALOG_COMPILER_INCLUDE_ALL_APPICON_ASSETS = YES;
				CODE_SIGN_ENTITLEMENTS = "";
				CODE_SIGN_IDENTITY = "Apple Development";
				CODE_SIGN_STYLE = Automatic;
				CURRENT_PROJECT_VERSION = 1;
				DEVELOPMENT_ASSET_PATHS = "\"QuickSign/Preview Content\"";
				DEVELOPMENT_TEAM = 7G89J82G2A;
				ENABLE_PREVIEWS = YES;
				GENERATE_INFOPLIST_FILE = YES;
				INFOPLIST_FILE = QuickSign/Info.plist;
				INFOPLIST_KEY_NSDocumentsFolderUsageDescription = "Please accept this prompt, or either QuickSign won't work.";
				INFOPLIST_KEY_NSFileProviderDomainUsageDescription = "Please accept this prompt, or either QuickSign won't work.";
				INFOPLIST_KEY_NSLocalNetworkUsageDescription = "This is needed to run the server.";
				INFOPLIST_KEY_UIApplicationSceneManifest_Generation = YES;
				INFOPLIST_KEY_UIApplicationSupportsIndirectInputEvents = YES;
				INFOPLIST_KEY_UILaunchScreen_Generation = YES;
				INFOPLIST_KEY_UISupportedInterfaceOrientations = UIInterfaceOrientationPortrait;
				INFOPLIST_KEY_UISupportedInterfaceOrientations_iPad = "UIInterfaceOrientationLandscapeLeft UIInterfaceOrientationLandscapeRight UIInterfaceOrientationPortrait UIInterfaceOrientationPortraitUpsideDown";
				INFOPLIST_KEY_UISupportsDocumentBrowser = YES;
				IPHONEOS_DEPLOYMENT_TARGET = 16.0;
				LD_RUNPATH_SEARCH_PATHS = (
					"$(inherited)",
					"@executable_path/Frameworks",
				);
				MARKETING_VERSION = 1.0;
				PRODUCT_BUNDLE_IDENTIFIER = org.QuickSign.iOS;
				PRODUCT_NAME = "$(TARGET_NAME)";
				SWIFT_EMIT_LOC_STRINGS = YES;
				SWIFT_VERSION = 5.0;
				TARGETED_DEVICE_FAMILY = "1,2";
			};
			name = Debug;
		};
		FE0562C92C6035B6008201BA /* Release */ = {
			isa = XCBuildConfiguration;
			buildSettings = {
				ASSETCATALOG_COMPILER_APPICON_NAME = AppIcon;
				ASSETCATALOG_COMPILER_GLOBAL_ACCENT_COLOR_NAME = AccentColor;
				ASSETCATALOG_COMPILER_INCLUDE_ALL_APPICON_ASSETS = YES;
				CODE_SIGN_ENTITLEMENTS = "";
				CODE_SIGN_IDENTITY = "Apple Development";
				CODE_SIGN_STYLE = Automatic;
				CURRENT_PROJECT_VERSION = 1;
				DEVELOPMENT_ASSET_PATHS = "\"QuickSign/Preview Content\"";
				DEVELOPMENT_TEAM = "";
				ENABLE_PREVIEWS = YES;
				GENERATE_INFOPLIST_FILE = YES;
				INFOPLIST_FILE = QuickSign/Info.plist;
				INFOPLIST_KEY_NSDocumentsFolderUsageDescription = "Please accept this prompt, or either QuickSign won't work.";
				INFOPLIST_KEY_NSFileProviderDomainUsageDescription = "Please accept this prompt, or either QuickSign won't work.";
				INFOPLIST_KEY_NSLocalNetworkUsageDescription = "This is needed to run the server.";
				INFOPLIST_KEY_UIApplicationSceneManifest_Generation = YES;
				INFOPLIST_KEY_UIApplicationSupportsIndirectInputEvents = YES;
				INFOPLIST_KEY_UILaunchScreen_Generation = YES;
				INFOPLIST_KEY_UISupportedInterfaceOrientations = UIInterfaceOrientationPortrait;
				INFOPLIST_KEY_UISupportedInterfaceOrientations_iPad = "UIInterfaceOrientationLandscapeLeft UIInterfaceOrientationLandscapeRight UIInterfaceOrientationPortrait UIInterfaceOrientationPortraitUpsideDown";
				INFOPLIST_KEY_UISupportsDocumentBrowser = YES;
				IPHONEOS_DEPLOYMENT_TARGET = 16.0;
				LD_RUNPATH_SEARCH_PATHS = (
					"$(inherited)",
					"@executable_path/Frameworks",
				);
				MARKETING_VERSION = 1.0;
				PRODUCT_BUNDLE_IDENTIFIER = org.QuickSign.iOS;
				PRODUCT_NAME = "$(TARGET_NAME)";
				SWIFT_EMIT_LOC_STRINGS = YES;
				SWIFT_VERSION = 5.0;
				TARGETED_DEVICE_FAMILY = "1,2";
			};
			name = Release;
		};
		FE0562CB2C6035B6008201BA /* Debug */ = {
			isa = XCBuildConfiguration;
			buildSettings = {
				BUNDLE_LOADER = "$(TEST_HOST)";
				CODE_SIGN_STYLE = Automatic;
				CURRENT_PROJECT_VERSION = 1;
				DEVELOPMENT_TEAM = 6X2LMXRYXS;
				GENERATE_INFOPLIST_FILE = YES;
				IPHONEOS_DEPLOYMENT_TARGET = 17.5;
				MARKETING_VERSION = 1.0;
				PRODUCT_BUNDLE_IDENTIFIER = org.haxi0.QuickSignTests;
				PRODUCT_NAME = "$(TARGET_NAME)";
				SWIFT_EMIT_LOC_STRINGS = NO;
				SWIFT_VERSION = 5.0;
				TARGETED_DEVICE_FAMILY = "1,2";
				TEST_HOST = "$(BUILT_PRODUCTS_DIR)/QuickSign.app/$(BUNDLE_EXECUTABLE_FOLDER_PATH)/QuickSign";
			};
			name = Debug;
		};
		FE0562CC2C6035B6008201BA /* Release */ = {
			isa = XCBuildConfiguration;
			buildSettings = {
				BUNDLE_LOADER = "$(TEST_HOST)";
				CODE_SIGN_STYLE = Automatic;
				CURRENT_PROJECT_VERSION = 1;
				DEVELOPMENT_TEAM = 6X2LMXRYXS;
				GENERATE_INFOPLIST_FILE = YES;
				IPHONEOS_DEPLOYMENT_TARGET = 17.5;
				MARKETING_VERSION = 1.0;
				PRODUCT_BUNDLE_IDENTIFIER = org.haxi0.QuickSignTests;
				PRODUCT_NAME = "$(TARGET_NAME)";
				SWIFT_EMIT_LOC_STRINGS = NO;
				SWIFT_VERSION = 5.0;
				TARGETED_DEVICE_FAMILY = "1,2";
				TEST_HOST = "$(BUILT_PRODUCTS_DIR)/QuickSign.app/$(BUNDLE_EXECUTABLE_FOLDER_PATH)/QuickSign";
			};
			name = Release;
		};
		FE0562CE2C6035B6008201BA /* Debug */ = {
			isa = XCBuildConfiguration;
			buildSettings = {
				CODE_SIGN_STYLE = Automatic;
				CURRENT_PROJECT_VERSION = 1;
				DEVELOPMENT_TEAM = 6X2LMXRYXS;
				GENERATE_INFOPLIST_FILE = YES;
				MARKETING_VERSION = 1.0;
				PRODUCT_BUNDLE_IDENTIFIER = org.haxi0.QuickSignUITests;
				PRODUCT_NAME = "$(TARGET_NAME)";
				SWIFT_EMIT_LOC_STRINGS = NO;
				SWIFT_VERSION = 5.0;
				TARGETED_DEVICE_FAMILY = "1,2";
				TEST_TARGET_NAME = QuickSign;
			};
			name = Debug;
		};
		FE0562CF2C6035B6008201BA /* Release */ = {
			isa = XCBuildConfiguration;
			buildSettings = {
				CODE_SIGN_STYLE = Automatic;
				CURRENT_PROJECT_VERSION = 1;
				DEVELOPMENT_TEAM = 6X2LMXRYXS;
				GENERATE_INFOPLIST_FILE = YES;
				MARKETING_VERSION = 1.0;
				PRODUCT_BUNDLE_IDENTIFIER = org.haxi0.QuickSignUITests;
				PRODUCT_NAME = "$(TARGET_NAME)";
				SWIFT_EMIT_LOC_STRINGS = NO;
				SWIFT_VERSION = 5.0;
				TARGETED_DEVICE_FAMILY = "1,2";
				TEST_TARGET_NAME = QuickSign;
			};
			name = Release;
		};
/* End XCBuildConfiguration section */

/* Begin XCConfigurationList section */
		FE05629E2C6035B2008201BA /* Build configuration list for PBXProject "QuickSign" */ = {
			isa = XCConfigurationList;
			buildConfigurations = (
				FE0562C52C6035B6008201BA /* Debug */,
				FE0562C62C6035B6008201BA /* Release */,
			);
			defaultConfigurationIsVisible = 0;
			defaultConfigurationName = Release;
		};
		FE0562C72C6035B6008201BA /* Build configuration list for PBXNativeTarget "QuickSign" */ = {
			isa = XCConfigurationList;
			buildConfigurations = (
				FE0562C82C6035B6008201BA /* Debug */,
				FE0562C92C6035B6008201BA /* Release */,
			);
			defaultConfigurationIsVisible = 0;
			defaultConfigurationName = Release;
		};
		FE0562CA2C6035B6008201BA /* Build configuration list for PBXNativeTarget "QuickSignTests" */ = {
			isa = XCConfigurationList;
			buildConfigurations = (
				FE0562CB2C6035B6008201BA /* Debug */,
				FE0562CC2C6035B6008201BA /* Release */,
			);
			defaultConfigurationIsVisible = 0;
			defaultConfigurationName = Release;
		};
		FE0562CD2C6035B6008201BA /* Build configuration list for PBXNativeTarget "QuickSignUITests" */ = {
			isa = XCConfigurationList;
			buildConfigurations = (
				FE0562CE2C6035B6008201BA /* Debug */,
				FE0562CF2C6035B6008201BA /* Release */,
			);
			defaultConfigurationIsVisible = 0;
			defaultConfigurationName = Release;
		};
/* End XCConfigurationList section */

/* Begin XCRemoteSwiftPackageReference section */
		5DC31BF52C6240C400261B08 /* XCRemoteSwiftPackageReference "zsign-ios" */ = {
			isa = XCRemoteSwiftPackageReference;
			repositoryURL = "https://github.com/zwsn/zsign-ios";
			requirement = {
				branch = main;
				kind = branch;
			};
		};
		5DC31BF82C6240CD00261B08 /* XCRemoteSwiftPackageReference "ZIPFoundation" */ = {
			isa = XCRemoteSwiftPackageReference;
			repositoryURL = "https://github.com/weichsel/ZIPFoundation";
			requirement = {
				kind = upToNextMajorVersion;
				minimumVersion = 0.9.19;
			};
		};
		7957BC352C65952E00FCAF4B /* XCRemoteSwiftPackageReference "swifter" */ = {
			isa = XCRemoteSwiftPackageReference;
			repositoryURL = "https://github.com/httpswift/swifter";
			requirement = {
				kind = upToNextMajorVersion;
				minimumVersion = 1.5.0;
			};
		};
/* End XCRemoteSwiftPackageReference section */

/* Begin XCSwiftPackageProductDependency section */
		5DC31BF62C6240C400261B08 /* ZSignApple */ = {
			isa = XCSwiftPackageProductDependency;
			package = 5DC31BF52C6240C400261B08 /* XCRemoteSwiftPackageReference "zsign-ios" */;
			productName = ZSignApple;
		};
		5DC31BF92C6240CD00261B08 /* ZIPFoundation */ = {
			isa = XCSwiftPackageProductDependency;
			package = 5DC31BF82C6240CD00261B08 /* XCRemoteSwiftPackageReference "ZIPFoundation" */;
			productName = ZIPFoundation;
		};
		7957BC362C65952E00FCAF4B /* Swifter */ = {
			isa = XCSwiftPackageProductDependency;
			package = 7957BC352C65952E00FCAF4B /* XCRemoteSwiftPackageReference "swifter" */;
			productName = Swifter;
		};
		FE48ED5C2C611DCE00B35B1C /* ZSignApple */ = {
			isa = XCSwiftPackageProductDependency;
			productName = ZSignApple;
		};
		FEF6863A2C61A95400D6B2C4 /* ZSignApple */ = {
			isa = XCSwiftPackageProductDependency;
			productName = ZSignApple;
		};
/* End XCSwiftPackageProductDependency section */
	};
	rootObject = FE05629B2C6035B2008201BA /* Project object */;
}
